
Microsoft Visual Studio Solution File, Format Version 12.00
# Visual Studio Version 17
VisualStudioVersion = 17.14.36603.0 d17.14
MinimumVisualStudioVersion = 10.0.40219.1
Project("{FAE04EC0-301F-11D3-BF4B-00C04F79EFBC}") = "MaxillaDentalStore.API", "MaxillaDentalStore\MaxillaDentalStore.API.csproj", "{B177F9C9-303A-45DC-BB62-2FA087C78406}"
EndProject
Project("{FAE04EC0-301F-11D3-BF4B-00C04F79EFBC}") = "MaxillaDentalStore.Data", "MaxillaDentalStore.Data\MaxillaDentalStore.Data.csproj", "{BD3527EE-538E-4670-9EC7-CAF0507C1BFE}"
EndProject
Project("{FAE04EC0-301F-11D3-BF4B-00C04F79EFBC}") = "MaxillaDentalStore.Repositories", "MaxillaDentalStore.Repository\MaxillaDentalStore.Repositories.csproj", "{E5AFD459-5AB9-4698-BFB0-C38CC01D8849}"
EndProject
Project("{FAE04EC0-301F-11D3-BF4B-00C04F79EFBC}") = "MaxillaDentalStore.UnitOfWork", "MaxillaDentalStore.UnitOfWork\MaxillaDentalStore.UnitOfWork.csproj", "{065AC3D1-304F-44AD-8881-762B3C96EBC3}"
EndProject
Project("{FAE04EC0-301F-11D3-BF4B-00C04F79EFBC}") = "MaxillaDentalStore.Services", "MaxillaDentalStore.Services\MaxillaDentalStore.Services.csproj", "{7AB71C76-6A85-418D-872B-FBCD4D46548B}"
EndProject
Project("{FAE04EC0-301F-11D3-BF4B-00C04F79EFBC}") = "MaxillaDentalStore.DTOS", "MaxillaDentalStore.DTOS\MaxillaDentalStore.DTOS.csproj", "{B41063F9-B646-40F9-9E56-4974196D9B06}"
EndProject
Project("{FAE04EC0-301F-11D3-BF4B-00C04F79EFBC}") = "MaxillaDentalStore.Common", "MaxillaDentalStore.Common\MaxillaDentalStore.Common.csproj", "{96FFEF6C-3041-4BE3-B5A9-79B0B2E3168F}"
EndProject
Global
	GlobalSection(SolutionConfigurationPlatforms) = preSolution
		Debug|Any CPU = Debug|Any CPU
		Release|Any CPU = Release|Any CPU
	EndGlobalSection
	GlobalSection(ProjectConfigurationPlatforms) = postSolution
		{B177F9C9-303A-45DC-BB62-2FA087C78406}.Debug|Any CPU.ActiveCfg = Debug|Any CPU
		{B177F9C9-303A-45DC-BB62-2FA087C78406}.Debug|Any CPU.Build.0 = Debug|Any CPU
		{B177F9C9-303A-45DC-BB62-2FA087C78406}.Release|Any CPU.ActiveCfg = Release|Any CPU
		{B177F9C9-303A-45DC-BB62-2FA087C78406}.Release|Any CPU.Build.0 = Release|Any CPU
		{BD3527EE-538E-4670-9EC7-CAF0507C1BFE}.Debug|Any CPU.ActiveCfg = Debug|Any CPU
		{BD3527EE-538E-4670-9EC7-CAF0507C1BFE}.Debug|Any CPU.Build.0 = Debug|Any CPU
		{BD3527EE-538E-4670-9EC7-CAF0507C1BFE}.Release|Any CPU.ActiveCfg = Release|Any CPU
		{BD3527EE-538E-4670-9EC7-CAF0507C1BFE}.Release|Any CPU.Build.0 = Release|Any CPU
		{E5AFD459-5AB9-4698-BFB0-C38CC01D8849}.Debug|Any CPU.ActiveCfg = Debug|Any CPU
		{E5AFD459-5AB9-4698-BFB0-C38CC01D8849}.Debug|Any CPU.Build.0 = Debug|Any CPU
		{E5AFD459-5AB9-4698-BFB0-C38CC01D8849}.Release|Any CPU.ActiveCfg = Release|Any CPU
		{E5AFD459-5AB9-4698-BFB0-C38CC01D8849}.Release|Any CPU.Build.0 = Release|Any CPU
		{065AC3D1-304F-44AD-8881-762B3C96EBC3}.Debug|Any CPU.ActiveCfg = Debug|Any CPU
		{065AC3D1-304F-44AD-8881-762B3C96EBC3}.Debug|Any CPU.Build.0 = Debug|Any CPU
		{065AC3D1-304F-44AD-8881-762B3C96EBC3}.Release|Any CPU.ActiveCfg = Release|Any CPU
		{065AC3D1-304F-44AD-8881-762B3C96EBC3}.Release|Any CPU.Build.0 = Release|Any CPU
		{7AB71C76-6A85-418D-872B-FBCD4D46548B}.Debug|Any CPU.ActiveCfg = Debug|Any CPU
		{7AB71C76-6A85-418D-872B-FBCD4D46548B}.Debug|Any CPU.Build.0 = Debug|Any CPU
		{7AB71C76-6A85-418D-872B-FBCD4D46548B}.Release|Any CPU.ActiveCfg = Release|Any CPU
		{7AB71C76-6A85-418D-872B-FBCD4D46548B}.Release|Any CPU.Build.0 = Release|Any CPU
		{B41063F9-B646-40F9-9E56-4974196D9B06}.Debug|Any CPU.ActiveCfg = Debug|Any CPU
		{B41063F9-B646-40F9-9E56-4974196D9B06}.Debug|Any CPU.Build.0 = Debug|Any CPU
		{B41063F9-B646-40F9-9E56-4974196D9B06}.Release|Any CPU.ActiveCfg = Release|Any CPU
		{B41063F9-B646-40F9-9E56-4974196D9B06}.Release|Any CPU.Build.0 = Release|Any CPU
		{96FFEF6C-3041-4BE3-B5A9-79B0B2E3168F}.Debug|Any CPU.ActiveCfg = Debug|Any CPU
		{96FFEF6C-3041-4BE3-B5A9-79B0B2E3168F}.Debug|Any CPU.Build.0 = Debug|Any CPU
		{96FFEF6C-3041-4BE3-B5A9-79B0B2E3168F}.Release|Any CPU.ActiveCfg = Release|Any CPU
		{96FFEF6C-3041-4BE3-B5A9-79B0B2E3168F}.Release|Any CPU.Build.0 = Release|Any CPU
	EndGlobalSection
	GlobalSection(SolutionProperties) = preSolution
		HideSolutionNode = FALSE
	EndGlobalSection
	GlobalSection(ExtensibilityGlobals) = postSolution
		SolutionGuid = {80ED4A9E-94EC-452B-BA9F-B04A95E9F26F}
	EndGlobalSection
EndGlobal
